
Microsoft Visual Studio Solution File, Format Version 12.00
# Visual Studio Version 17
VisualStudioVersion = 17.6.33723.286
MinimumVisualStudioVersion = 10.0.40219.1
Project("{FAE04EC0-301F-11D3-BF4B-00C04F79EFBC}") = "P1.SignOfIntegerNumbers", "P1.SignOfIntegerNumbers\P1.SignOfIntegerNumbers.csproj", "{F2C776EF-58D8-417B-B5DE-FBFD33FF52F8}"
EndProject
Project("{FAE04EC0-301F-11D3-BF4B-00C04F79EFBC}") = "P2.Grades", "P2.Grades\P2.Grades.csproj", "{C9457A1F-63EB-460A-B0DC-BE96D0AE8023}"
EndProject
Project("{FAE04EC0-301F-11D3-BF4B-00C04F79EFBC}") = "P3.Calculations", "P3.Calculations\P3.Calculations.csproj", "{CD5D0F43-90CA-4742-9354-4F6B9C8B043D}"
EndProject
Global
	GlobalSection(SolutionConfigurationPlatforms) = preSolution
		Debug|Any CPU = Debug|Any CPU
		Release|Any CPU = Release|Any CPU
	EndGlobalSection
	GlobalSection(ProjectConfigurationPlatforms) = postSolution
		{F2C776EF-58D8-417B-B5DE-FBFD33FF52F8}.Debug|Any CPU.ActiveCfg = Debug|Any CPU
		{F2C776EF-58D8-417B-B5DE-FBFD33FF52F8}.Debug|Any CPU.Build.0 = Debug|Any CPU
		{F2C776EF-58D8-417B-B5DE-FBFD33FF52F8}.Release|Any CPU.ActiveCfg = Release|Any CPU
		{F2C776EF-58D8-417B-B5DE-FBFD33FF52F8}.Release|Any CPU.Build.0 = Release|Any CPU
		{C9457A1F-63EB-460A-B0DC-BE96D0AE8023}.Debug|Any CPU.ActiveCfg = Debug|Any CPU
		{C9457A1F-63EB-460A-B0DC-BE96D0AE8023}.Debug|Any CPU.Build.0 = Debug|Any CPU
		{C9457A1F-63EB-460A-B0DC-BE96D0AE8023}.Release|Any CPU.ActiveCfg = Release|Any CPU
		{C9457A1F-63EB-460A-B0DC-BE96D0AE8023}.Release|Any CPU.Build.0 = Release|Any CPU
		{CD5D0F43-90CA-4742-9354-4F6B9C8B043D}.Debug|Any CPU.ActiveCfg = Debug|Any CPU
		{CD5D0F43-90CA-4742-9354-4F6B9C8B043D}.Debug|Any CPU.Build.0 = Debug|Any CPU
		{CD5D0F43-90CA-4742-9354-4F6B9C8B043D}.Release|Any CPU.ActiveCfg = Release|Any CPU
		{CD5D0F43-90CA-4742-9354-4F6B9C8B043D}.Release|Any CPU.Build.0 = Release|Any CPU
	EndGlobalSection
	GlobalSection(SolutionProperties) = preSolution
		HideSolutionNode = FALSE
	EndGlobalSection
	GlobalSection(ExtensibilityGlobals) = postSolution
		SolutionGuid = {DBDE2D02-EC55-4B2F-8B3C-4F8390AF5B80}
	EndGlobalSection
EndGlobal
